{
  "nodes": {
    "flake-utils": {
      "inputs": {
        "systems": [
          "systems"
        ]
      },
      "locked": {
        "lastModified": 1731533236,
        "narHash": "sha256-l0KFg5HjrsfsO/JpG+r7fRrqm12kzFHyUHqHCVpMMbI=",
        "owner": "numtide",
        "repo": "flake-utils",
        "rev": "11707dc2f618dd54ca8739b309ec4fc024de578b",
        "type": "github"
      },
      "original": {
        "owner": "numtide",
        "repo": "flake-utils",
        "type": "github"
      }
    },
    "home-manager": {
      "inputs": {
        "nixpkgs": [
          "nixpkgs"
        ]
      },
      "locked": {
        "lastModified": 1758375677,
        "narHash": "sha256-BLtD+6qWz7fQjPk2wpwyXQLGI0E30Ikgf2ppn2nVadI=",
        "owner": "nix-community",
        "repo": "home-manager",
        "rev": "edc7468e12be92e926847cb02418e649b02b59dd",
        "type": "github"
      },
      "original": {
        "owner": "nix-community",
        "repo": "home-manager",
        "type": "github"
      }
    },
    "nix": {
      "inputs": {
        "flake-compat": [],
        "flake-parts": [],
        "git-hooks-nix": [],
        "nixpkgs": [
          "nixpkgs"
        ],
        "nixpkgs-23-11": [],
        "nixpkgs-regression": []
      },
      "locked": {
        "lastModified": 1758418974,
        "narHash": "sha256-b+7MVwjkuLY+86HYrNxWfXjqhrfAH9/tasPRv+HXhBM=",
        "owner": "NixOS",
        "repo": "nix",
        "rev": "f66b56ad3f7c8c446eb461db94478f5dbc713411",
        "type": "github"
      },
      "original": {
        "owner": "NixOS",
        "repo": "nix",
        "type": "github"
      }
    },
    "nix-darwin": {
      "inputs": {
        "nixpkgs": [
          "nixpkgs"
        ]
      },
      "locked": {
        "lastModified": 1758387173,
        "narHash": "sha256-E5Ru709RoQEFl+Q0MHRXTIvbY0l6LSR1UHqwTulSeog=",
        "owner": "LnL7",
        "repo": "nix-darwin",
        "rev": "7be9c1b136ef7083e60eb060be0a66dcb254e3ca",
        "type": "github"
      },
      "original": {
        "owner": "LnL7",
        "repo": "nix-darwin",
        "type": "github"
      }
    },
    "nixos-homepage": {
      "flake": false,
      "locked": {
        "lastModified": 1758122668,
        "narHash": "sha256-NoiFzfhiShypko4NB5tZb1y+BJX2VmSc8S0n+pplMTw=",
        "owner": "NixOS",
        "repo": "nixos-homepage",
        "rev": "f62172479afc090f9031f05d5628d00c2da99f37",
        "type": "github"
      },
      "original": {
        "owner": "NixOS",
        "repo": "nixos-homepage",
        "type": "github"
      }
    },
    "nixpkgs": {
      "locked": {
        "lastModified": 1758262103,
        "narHash": "sha256-aBGl3XEOsjWw6W3AHiKibN7FeoG73dutQQEqnd/etR8=",
        "owner": "NixOS",
        "repo": "nixpkgs",
        "rev": "12bd230118a1901a4a5d393f9f56b6ad7e571d01",
        "type": "github"
      },
      "original": {
        "owner": "NixOS",
        "ref": "nixpkgs-unstable",
        "repo": "nixpkgs",
        "type": "github"
      }
    },
    "root": {
      "inputs": {
        "flake-utils": "flake-utils",
        "home-manager": "home-manager",
        "nix": "nix",
        "nix-darwin": "nix-darwin",
        "nixos-homepage": "nixos-homepage",
        "nixpkgs": "nixpkgs",
        "systems": "systems"
      }
    },
    "systems": {
      "locked": {
        "lastModified": 1681028828,
        "narHash": "sha256-Vy1rq5AaRuLzOxct8nz4T6wlgyUR7zLU309k9mBC768=",
        "owner": "nix-systems",
        "repo": "default",
        "rev": "da67096a3b9bf56a91d16901293e51ba5b49a27e",
        "type": "github"
      },
      "original": {
        "owner": "nix-systems",
        "repo": "default",
        "type": "github"
      }
    }
  },
  "root": "root",
  "version": 7
}
