{
  "nodes": {
    "flake-utils": {
      "inputs": {
        "systems": [
          "systems"
        ]
      },
      "locked": {
        "lastModified": 1731533236,
        "narHash": "sha256-l0KFg5HjrsfsO/JpG+r7fRrqm12kzFHyUHqHCVpMMbI=",
        "owner": "numtide",
        "repo": "flake-utils",
        "rev": "11707dc2f618dd54ca8739b309ec4fc024de578b",
        "type": "github"
      },
      "original": {
        "owner": "numtide",
        "repo": "flake-utils",
        "type": "github"
      }
    },
    "nix": {
      "inputs": {
        "flake-compat": [],
        "flake-parts": [],
        "git-hooks-nix": [],
        "nixpkgs": "nixpkgs",
        "nixpkgs-23-11": [],
        "nixpkgs-regression": []
      },
      "locked": {
        "lastModified": 1741369128,
        "narHash": "sha256-FK8X23bkPZK5bRSHGQ8sWzGg4gRjFLn6JsN2eDR/5R8=",
        "owner": "NixOS",
        "repo": "nix",
        "rev": "47e23811ffba09f3e0f0c8797da3d28fb3b7bedb",
        "type": "github"
      },
      "original": {
        "owner": "NixOS",
        "repo": "nix",
        "type": "github"
      }
    },
    "nix-darwin": {
      "inputs": {
        "nixpkgs": "nixpkgs_2"
      },
      "locked": {
        "lastModified": 1742013980,
        "narHash": "sha256-34YbfwABU5nb0F5eaaJE3ujldaNDhmyxw7CWqhXJV08=",
        "owner": "LnL7",
        "repo": "nix-darwin",
        "rev": "9175b4bb5f127fb7b5784b14f7e01abff24c378f",
        "type": "github"
      },
      "original": {
        "owner": "LnL7",
        "repo": "nix-darwin",
        "type": "github"
      }
    },
    "nixpkgs": {
      "locked": {
        "lastModified": 1741429838,
        "narHash": "sha256-7NBFpu/tnZamq7j+WWq2kS6g1f8mpasV3+ltsbb29/Y=",
        "owner": "NixOS",
        "repo": "nixpkgs",
        "rev": "3788906ce61f18105484da60647f9929f5a1fd74",
        "type": "github"
      },
      "original": {
        "owner": "NixOS",
        "ref": "release-24.11",
        "repo": "nixpkgs",
        "type": "github"
      }
    },
    "nixpkgs_2": {
      "locked": {
        "lastModified": 1736241350,
        "narHash": "sha256-CHd7yhaDigUuJyDeX0SADbTM9FXfiWaeNyY34FL1wQU=",
        "owner": "NixOS",
        "repo": "nixpkgs",
        "rev": "8c9fd3e564728e90829ee7dbac6edc972971cd0f",
        "type": "github"
      },
      "original": {
        "owner": "NixOS",
        "ref": "nixpkgs-unstable",
        "repo": "nixpkgs",
        "type": "github"
      }
    },
    "nixpkgs_3": {
      "locked": {
        "lastModified": 1740547748,
        "narHash": "sha256-Ly2fBL1LscV+KyCqPRufUBuiw+zmWrlJzpWOWbahplg=",
        "owner": "NixOS",
        "repo": "nixpkgs",
        "rev": "3a05eebede89661660945da1f151959900903b6a",
        "type": "github"
      },
      "original": {
        "owner": "NixOS",
        "ref": "nixpkgs-unstable",
        "repo": "nixpkgs",
        "type": "github"
      }
    },
    "root": {
      "inputs": {
        "flake-utils": "flake-utils",
        "nix": "nix",
        "nix-darwin": "nix-darwin",
        "nixpkgs": "nixpkgs_3",
        "systems": "systems"
      }
    },
    "systems": {
      "locked": {
        "lastModified": 1681028828,
        "narHash": "sha256-Vy1rq5AaRuLzOxct8nz4T6wlgyUR7zLU309k9mBC768=",
        "owner": "nix-systems",
        "repo": "default",
        "rev": "da67096a3b9bf56a91d16901293e51ba5b49a27e",
        "type": "github"
      },
      "original": {
        "owner": "nix-systems",
        "repo": "default",
        "type": "github"
      }
    }
  },
  "root": "root",
  "version": 7
}
